lockfileVersion: '6.0'

settings:
  autoInstallPeers: true
  excludeLinksFromLockfile: false

dependencies:
  fast-json-stable-stringify:
    specifier: ^2.1.0
    version: 2.1.0
  react:
    specifier: '*'
    version: 18.2.0
  react-dom:
    specifier: '*'
    version: 18.2.0(react@18.2.0)
  tonal:
    specifier: ^5.0.0
    version: 5.0.0

devDependencies:
  '@types/react':
    specifier: ^18.2.17
    version: 18.2.17
  '@types/react-dom':
    specifier: ^18.0.11
    version: 18.2.7
  typescript:
    specifier: ^5.1.6
    version: 5.1.6

packages:

  /@tonaljs/abc-notation@4.8.0:
    resolution: {integrity: sha512-JggT/DW4rMxu+q1WkeACrg52is3acp9zaW4LJmCheFi3CmLa63sy7/6mgKnlScTOvcpAyTcSytu0VbQHRXyBDA==}
    dependencies:
      '@tonaljs/core': 4.10.0
    dev: false

  /@tonaljs/array@4.8.0:
    resolution: {integrity: sha512-lWCUBRUVWtDV0kl/fjOgICRWzBYWZdJEk1h0vVzpuPaXW6Yz3JfjyKPtLbzYTkgSr1PqcjxVGNwxilz9c2NNkQ==}
    dependencies:
      '@tonaljs/core': 4.10.0
    dev: false

  /@tonaljs/chord-detect@4.8.2:
    resolution: {integrity: sha512-Qee18RXanmav+/LBoHC6UFvQ/0330IueJAr0BDSDkpFjJaWq4Co0mrFXWufKd0QO/Cc86/HRbkWb3asZ+p+Pzg==}
    dependencies:
      '@tonaljs/chord-type': 5.0.0
      '@tonaljs/core': 4.10.0
      '@tonaljs/pcset': 4.8.2
    dev: false

  /@tonaljs/chord-type@5.0.0:
    resolution: {integrity: sha512-j9HnUt5cvZxJPghB9zA9JqQfH3Kw0WuAtucsKhvY/Sry75o/as8pE+m808TkNgfoW65B56f4FKxMUraWGVGyhQ==}
    dependencies:
      '@tonaljs/core': 4.10.0
      '@tonaljs/pcset': 4.8.2
    dev: false

  /@tonaljs/chord@5.0.0:
    resolution: {integrity: sha512-B18w6n3mYw2zC/TaNJ+JQgFr+P57L6dTqf4MlPe2Vp5g3zIJw+ezYthUCTHRINGkp1iLDcvMADipOvdFrU8mLA==}
    dependencies:
      '@tonaljs/chord-detect': 4.8.2
      '@tonaljs/chord-type': 5.0.0
      '@tonaljs/collection': 4.8.0
      '@tonaljs/core': 4.10.0
      '@tonaljs/pcset': 4.8.2
      '@tonaljs/scale-type': 4.8.2
    dev: false

  /@tonaljs/collection@4.8.0:
    resolution: {integrity: sha512-NSnqUDqnCZajYGPH4+27y6UAflX+RrAZQdP9YNBuJoTFtdSDrqV3cJoPdr2DRpGCK3Nuzw1dU8DlGsyWwNwlmg==}
    dev: false

  /@tonaljs/core@4.10.0:
    resolution: {integrity: sha512-+AH7NP9iiAGil+X7NlKGlQvls/KByQmxR51d5O+y6IjHltOkVUXk74oZuxW7zF0IsKchFn8Okr0sxqFmgsQmpA==}
    dev: false

  /@tonaljs/duration-value@4.8.0:
    resolution: {integrity: sha512-ewWVKtYCzNkSNaFoEn6NqL5vCmHTqoN+qngoUG2Sy2ZvGCk1pwx3ckJVUkJmYrkxP4PbQASPgJi0y+0fjgVJug==}
    dev: false

  /@tonaljs/interval@4.8.0:
    resolution: {integrity: sha512-R+1OvqRS0lFqzmzorbL0cwqZLVRnDw2kmwNtgF17A2vqcZI9aDDH/XELPLLUcZ7ykeIu4X9t/v+yTwREj+nUrA==}
    dependencies:
      '@tonaljs/core': 4.10.0
    dev: false

  /@tonaljs/key@4.9.1:
    resolution: {integrity: sha512-WL/8raLnrcv6qpBog0HNp16/ifleeapZjU2PVTnIJ2DhuVgqtI8ccCyZHAURFdMmwYmn1Gf1VnvUAmG7RmqHJg==}
    dependencies:
      '@tonaljs/core': 4.10.0
      '@tonaljs/note': 4.10.0
      '@tonaljs/roman-numeral': 4.8.0
    dev: false

  /@tonaljs/midi@4.9.0:
    resolution: {integrity: sha512-zi6lK2OC2EA8E1Nl011erWAZgOSlrfstJMgnrbm4/nLDegotg5ALbMnfX/s+SIfSSFcXn/Og1d8xwPeAwoaUyg==}
    dependencies:
      '@tonaljs/core': 4.10.0
    dev: false

  /@tonaljs/mode@4.8.1:
    resolution: {integrity: sha512-mzGQz3T+DMjWgOHlt7ZKyoRL6rGOKeOn1BXZdDFU0Bng+WQwHOhoBF/0eA+7l+1QxXBntjGiESO6aq2ktODF/w==}
    dependencies:
      '@tonaljs/collection': 4.8.0
      '@tonaljs/core': 4.10.0
      '@tonaljs/interval': 4.8.0
      '@tonaljs/pcset': 4.8.2
      '@tonaljs/scale-type': 4.8.2
    dev: false

  /@tonaljs/note@4.10.0:
    resolution: {integrity: sha512-jWyxk9Dom+vsucj3dWG9z4j6WhZqbY7gkKsS14fHeo7g8qUZTVZFsr8ulpHyLPXN3EhLwHDU7CxIQ1klkPE33A==}
    dependencies:
      '@tonaljs/core': 4.10.0
      '@tonaljs/midi': 4.9.0
    dev: false

  /@tonaljs/pcset@4.8.2:
    resolution: {integrity: sha512-AiNnswKlNSix84uMZrkUtTe7T+GqqHMsEt6oaIyjJa3bP7WqPbm0dWKDeLMb3JL5+6or1huew99epR9rqxkzvw==}
    dependencies:
      '@tonaljs/collection': 4.8.0
      '@tonaljs/core': 4.10.0
    dev: false

  /@tonaljs/progression@4.8.1:
    resolution: {integrity: sha512-1PnppCRIaqyiauzK0XD1tLiGYXQWv80rfXQl+Vo1nH6aNaQB1JKbf+guUCHUzkWJGm56iaYib5+VF3A3NvivKw==}
    dependencies:
      '@tonaljs/chord': 5.0.0
      '@tonaljs/core': 4.10.0
      '@tonaljs/roman-numeral': 4.8.0
    dev: false

  /@tonaljs/range@4.8.1:
    resolution: {integrity: sha512-UAyHBPh1SfqOo2w/BA6Rji3Sl1V0z/ggoE9+gS5aig13qUaVM8B3p2eanEgrxsRTN+yARPSE83CiWWbVqLKzWA==}
    dependencies:
      '@tonaljs/collection': 4.8.0
      '@tonaljs/midi': 4.9.0
    dev: false

  /@tonaljs/roman-numeral@4.8.0:
    resolution: {integrity: sha512-jktwfGXcs4qp5A0jy5pyWxgYkeGDcaldV9tiv7XnNR5yLwDm0D6S9rRlNlSo3n0wyDo3+Kh80hd3Mps+Gsf81w==}
    dependencies:
      '@tonaljs/core': 4.10.0
    dev: false

  /@tonaljs/scale-type@4.8.2:
    resolution: {integrity: sha512-egvHD8I7EMTJ1RaqK5LVKBXvY0eOY49utzP1QSideahLxS/zyq9ydu7CovKOa6+iic+ab6XomesEExZCCc63Zw==}
    dependencies:
      '@tonaljs/core': 4.10.0
      '@tonaljs/pcset': 4.8.2
    dev: false

  /@tonaljs/scale@4.12.2:
    resolution: {integrity: sha512-WBiS1R3K85zTrNPJpp5PJyDycrE9kuyKDM2BmjbS3Oj2bVE2VqRY35h/NaxmR3ArbQZoZNX3MbQXe56S59jBJw==}
    dependencies:
      '@tonaljs/chord-type': 5.0.0
      '@tonaljs/collection': 4.8.0
      '@tonaljs/core': 4.10.0
      '@tonaljs/note': 4.10.0
      '@tonaljs/pcset': 4.8.2
      '@tonaljs/scale-type': 4.8.2
    dev: false

  /@tonaljs/time-signature@4.8.0:
    resolution: {integrity: sha512-ES5WoBC3aA5qQcVxh3GUc/Z1XAlnul/PCdlYrmTNAAJ4hgv4H5WHu15fWk7xRcCC6LZz6chfQNbSIXl9sNRdZQ==}
    dev: false

  /@types/prop-types@15.7.5:
    resolution: {integrity: sha512-JCB8C6SnDoQf0cNycqd/35A7MjcnK+ZTqE7judS6o7utxUCg6imJg3QK2qzHKszlTjcj2cn+NwMB2i96ubpj7w==}
    dev: true

  /@types/react-dom@18.2.7:
    resolution: {integrity: sha512-GRaAEriuT4zp9N4p1i8BDBYmEyfo+xQ3yHjJU4eiK5NDa1RmUZG+unZABUTK4/Ox/M+GaHwb6Ow8rUITrtjszA==}
    dependencies:
      '@types/react': 18.2.17
    dev: true

  /@types/react@18.2.17:
    resolution: {integrity: sha512-u+e7OlgPPh+aryjOm5UJMX32OvB2E3QASOAqVMY6Ahs90djagxwv2ya0IctglNbNTexC12qCSMZG47KPfy1hAA==}
    dependencies:
      '@types/prop-types': 15.7.5
      '@types/scheduler': 0.16.3
      csstype: 3.1.2
    dev: true

  /@types/scheduler@0.16.3:
    resolution: {integrity: sha512-5cJ8CB4yAx7BH1oMvdU0Jh9lrEXyPkar6F9G/ERswkCuvP4KQZfZkSjcMbAICCpQTN4OuZn8tz0HiKv9TGZgrQ==}
    dev: true

  /csstype@3.1.2:
    resolution: {integrity: sha512-I7K1Uu0MBPzaFKg4nI5Q7Vs2t+3gWWW648spaF+Rg7pI9ds18Ugn+lvg4SHczUdKlHI5LWBXyqfS8+DufyBsgQ==}
    dev: true

  /fast-json-stable-stringify@2.1.0:
    resolution: {integrity: sha512-lhd/wF+Lk98HZoTCtlVraHtfh5XYijIjalXck7saUtuanSDyLMxnHhSXEDJqHxD7msR8D0uCmqlkwjCV8xvwHw==}
    dev: false

  /js-tokens@4.0.0:
    resolution: {integrity: sha512-RdJUflcE3cUzKiMqQgsCu06FPu9UdIJO0beYbPhHN4k6apgJtifcoCtT9bcxOpYBtpD2kCM6Sbzg4CausW/PKQ==}
    dev: false

  /loose-envify@1.4.0:
    resolution: {integrity: sha512-lyuxPGr/Wfhrlem2CL/UcnUc1zcqKAImBDzukY7Y5F/yQiNdko6+fRLevlw1HgMySw7f611UIY408EtxRSoK3Q==}
    hasBin: true
    dependencies:
      js-tokens: 4.0.0
    dev: false

  /react-dom@18.2.0(react@18.2.0):
    resolution: {integrity: sha512-6IMTriUmvsjHUjNtEDudZfuDQUoWXVxKHhlEGSk81n4YFS+r/Kl99wXiwlVXtPBtJenozv2P+hxDsw9eA7Xo6g==}
    peerDependencies:
      react: ^18.2.0
    dependencies:
      loose-envify: 1.4.0
      react: 18.2.0
      scheduler: 0.23.0
    dev: false

  /react@18.2.0:
    resolution: {integrity: sha512-/3IjMdb2L9QbBdWiW5e3P2/npwMBaU9mHCSCUzNln0ZCYbcfTsGbTJrU/kGemdH2IWmB2ioZ+zkxtmq6g09fGQ==}
    engines: {node: '>=0.10.0'}
    dependencies:
      loose-envify: 1.4.0
    dev: false

  /scheduler@0.23.0:
    resolution: {integrity: sha512-CtuThmgHNg7zIZWAXi3AsyIzA3n4xx7aNyjwC2VJldO2LMVDhFK+63xGqq6CsJH4rTAt6/M+N4GhZiDYPx9eUw==}
    dependencies:
      loose-envify: 1.4.0
    dev: false

  /tonal@5.0.0:
    resolution: {integrity: sha512-I/irUdAUPRJcZXNrSmMcoaWs53FRnhub+HOYFNj2KLOBvp1swysxEwruJEAZ8QlCugeGj5IfXFSK5+rMPBTZ+g==}
    dependencies:
      '@tonaljs/abc-notation': 4.8.0
      '@tonaljs/array': 4.8.0
      '@tonaljs/chord': 5.0.0
      '@tonaljs/chord-type': 5.0.0
      '@tonaljs/collection': 4.8.0
      '@tonaljs/core': 4.10.0
      '@tonaljs/duration-value': 4.8.0
      '@tonaljs/interval': 4.8.0
      '@tonaljs/key': 4.9.1
      '@tonaljs/midi': 4.9.0
      '@tonaljs/mode': 4.8.1
      '@tonaljs/note': 4.10.0
      '@tonaljs/pcset': 4.8.2
      '@tonaljs/progression': 4.8.1
      '@tonaljs/range': 4.8.1
      '@tonaljs/roman-numeral': 4.8.0
      '@tonaljs/scale': 4.12.2
      '@tonaljs/scale-type': 4.8.2
      '@tonaljs/time-signature': 4.8.0
    dev: false

  /typescript@5.1.6:
    resolution: {integrity: sha512-zaWCozRZ6DLEWAWFrVDz1H6FVXzUSfTy5FUMWsQlU8Ym5JP9eO4xkTIROFCQvhQf61z6O/G6ugw3SgAnvvm+HA==}
    engines: {node: '>=14.17'}
    hasBin: true
    dev: true
